
Microsoft Visual Studio Solution File, Format Version 12.00
# Visual Studio Version 17
VisualStudioVersion = 17.13.35825.156 d17.13
MinimumVisualStudioVersion = 10.0.40219.1
Project("{FAE04EC0-301F-11D3-BF4B-00C04F79EFBC}") = "Cadastro e Login", "Cadastro e Login\Cadastro e Login.csproj", "{EA7A499D-813C-4304-85B8-4D5353CABE5A}"
EndProject
Global
	GlobalSection(SolutionConfigurationPlatforms) = preSolution
		Debug|Any CPU = Debug|Any CPU
		Release|Any CPU = Release|Any CPU
	EndGlobalSection
	GlobalSection(ProjectConfigurationPlatforms) = postSolution
		{EA7A499D-813C-4304-85B8-4D5353CABE5A}.Debug|Any CPU.ActiveCfg = Debug|Any CPU
		{EA7A499D-813C-4304-85B8-4D5353CABE5A}.Debug|Any CPU.Build.0 = Debug|Any CPU
		{EA7A499D-813C-4304-85B8-4D5353CABE5A}.Release|Any CPU.ActiveCfg = Release|Any CPU
		{EA7A499D-813C-4304-85B8-4D5353CABE5A}.Release|Any CPU.Build.0 = Release|Any CPU
	EndGlobalSection
	GlobalSection(SolutionProperties) = preSolution
		HideSolutionNode = FALSE
	EndGlobalSection
	GlobalSection(ExtensibilityGlobals) = postSolution
		SolutionGuid = {392FF2D0-1EE5-442A-8EE9-B88ED42DD82B}
	EndGlobalSection
EndGlobal
